lockfileVersion: '9.0'

settings:
  autoInstallPeers: true
  excludeLinksFromLockfile: false

importers:

  .:
    devDependencies:
      react:
        specifier: ^19.1.0
        version: 19.1.0
      react-cli:
        specifier: ^0.3.1
        version: 0.3.1
      vite:
        specifier: ^6.3.5
        version: 6.3.5
      vite-cli:
        specifier: ^1.0.0
        version: 1.0.0

packages:

  '@babel/helper-string-parser@7.27.1':
    resolution: {integrity: sha512-qMlSxKbpRlAridDExk92nSobyDdpPijUq2DW6oDnUqd0iOGxmQjyqhMIihI9+zv4LPyZdRje2cavWPbCbWm3eA==}
    engines: {node: '>=6.9.0'}

  '@babel/helper-validator-identifier@7.27.1':
    resolution: {integrity: sha512-D2hP9eA+Sqx1kBZgzxZh0y1trbuU+JoDkiEwqhQ36nodYqJwyEIhPSdMNd7lOm/4io72luTPWH20Yda0xOuUow==}
    engines: {node: '>=6.9.0'}

  '@babel/parser@7.27.2':
    resolution: {integrity: sha512-QYLs8299NA7WM/bZAdp+CviYYkVoYXlDW2rzliy3chxd1PQjej7JORuMJDJXJUb9g0TT+B99EwaVLKmX+sPXWw==}
    engines: {node: '>=6.0.0'}
    hasBin: true

  '@babel/types@7.27.1':
    resolution: {integrity: sha512-+EzkxvLNfiUeKMgy/3luqfsCWFRXLb7U6wNQTk60tovuckwB15B191tJWvpp4HjiQWdJkCxO3Wbvc6jlk3Xb2Q==}
    engines: {node: '>=6.9.0'}

  '@esbuild/aix-ppc64@0.25.4':
    resolution: {integrity: sha512-1VCICWypeQKhVbE9oW/sJaAmjLxhVqacdkvPLEjwlttjfwENRSClS8EjBz0KzRyFSCPDIkuXW34Je/vk7zdB7Q==}
    engines: {node: '>=18'}
    cpu: [ppc64]
    os: [aix]

  '@esbuild/android-arm64@0.25.4':
    resolution: {integrity: sha512-bBy69pgfhMGtCnwpC/x5QhfxAz/cBgQ9enbtwjf6V9lnPI/hMyT9iWpR1arm0l3kttTr4L0KSLpKmLp/ilKS9A==}
    engines: {node: '>=18'}
    cpu: [arm64]
    os: [android]

  '@esbuild/android-arm@0.25.4':
    resolution: {integrity: sha512-QNdQEps7DfFwE3hXiU4BZeOV68HHzYwGd0Nthhd3uCkkEKK7/R6MTgM0P7H7FAs5pU/DIWsviMmEGxEoxIZ+ZQ==}
    engines: {node: '>=18'}
    cpu: [arm]
    os: [android]

  '@esbuild/android-x64@0.25.4':
    resolution: {integrity: sha512-TVhdVtQIFuVpIIR282btcGC2oGQoSfZfmBdTip2anCaVYcqWlZXGcdcKIUklfX2wj0JklNYgz39OBqh2cqXvcQ==}
    engines: {node: '>=18'}
    cpu: [x64]
    os: [android]

  '@esbuild/darwin-arm64@0.25.4':
    resolution: {integrity: sha512-Y1giCfM4nlHDWEfSckMzeWNdQS31BQGs9/rouw6Ub91tkK79aIMTH3q9xHvzH8d0wDru5Ci0kWB8b3up/nl16g==}
    engines: {node: '>=18'}
    cpu: [arm64]
    os: [darwin]

  '@esbuild/darwin-x64@0.25.4':
    resolution: {integrity: sha512-CJsry8ZGM5VFVeyUYB3cdKpd/H69PYez4eJh1W/t38vzutdjEjtP7hB6eLKBoOdxcAlCtEYHzQ/PJ/oU9I4u0A==}
    engines: {node: '>=18'}
    cpu: [x64]
    os: [darwin]

  '@esbuild/freebsd-arm64@0.25.4':
    resolution: {integrity: sha512-yYq+39NlTRzU2XmoPW4l5Ifpl9fqSk0nAJYM/V/WUGPEFfek1epLHJIkTQM6bBs1swApjO5nWgvr843g6TjxuQ==}
    engines: {node: '>=18'}
    cpu: [arm64]
    os: [freebsd]

  '@esbuild/freebsd-x64@0.25.4':
    resolution: {integrity: sha512-0FgvOJ6UUMflsHSPLzdfDnnBBVoCDtBTVyn/MrWloUNvq/5SFmh13l3dvgRPkDihRxb77Y17MbqbCAa2strMQQ==}
    engines: {node: '>=18'}
    cpu: [x64]
    os: [freebsd]

  '@esbuild/linux-arm64@0.25.4':
    resolution: {integrity: sha512-+89UsQTfXdmjIvZS6nUnOOLoXnkUTB9hR5QAeLrQdzOSWZvNSAXAtcRDHWtqAUtAmv7ZM1WPOOeSxDzzzMogiQ==}
    engines: {node: '>=18'}
    cpu: [arm64]
    os: [linux]

  '@esbuild/linux-arm@0.25.4':
    resolution: {integrity: sha512-kro4c0P85GMfFYqW4TWOpvmF8rFShbWGnrLqlzp4X1TNWjRY3JMYUfDCtOxPKOIY8B0WC8HN51hGP4I4hz4AaQ==}
    engines: {node: '>=18'}
    cpu: [arm]
    os: [linux]

  '@esbuild/linux-ia32@0.25.4':
    resolution: {integrity: sha512-yTEjoapy8UP3rv8dB0ip3AfMpRbyhSN3+hY8mo/i4QXFeDxmiYbEKp3ZRjBKcOP862Ua4b1PDfwlvbuwY7hIGQ==}
    engines: {node: '>=18'}
    cpu: [ia32]
    os: [linux]

  '@esbuild/linux-loong64@0.25.4':
    resolution: {integrity: sha512-NeqqYkrcGzFwi6CGRGNMOjWGGSYOpqwCjS9fvaUlX5s3zwOtn1qwg1s2iE2svBe4Q/YOG1q6875lcAoQK/F4VA==}
    engines: {node: '>=18'}
    cpu: [loong64]
    os: [linux]

  '@esbuild/linux-mips64el@0.25.4':
    resolution: {integrity: sha512-IcvTlF9dtLrfL/M8WgNI/qJYBENP3ekgsHbYUIzEzq5XJzzVEV/fXY9WFPfEEXmu3ck2qJP8LG/p3Q8f7Zc2Xg==}
    engines: {node: '>=18'}
    cpu: [mips64el]
    os: [linux]

  '@esbuild/linux-ppc64@0.25.4':
    resolution: {integrity: sha512-HOy0aLTJTVtoTeGZh4HSXaO6M95qu4k5lJcH4gxv56iaycfz1S8GO/5Jh6X4Y1YiI0h7cRyLi+HixMR+88swag==}
    engines: {node: '>=18'}
    cpu: [ppc64]
    os: [linux]

  '@esbuild/linux-riscv64@0.25.4':
    resolution: {integrity: sha512-i8JUDAufpz9jOzo4yIShCTcXzS07vEgWzyX3NH2G7LEFVgrLEhjwL3ajFE4fZI3I4ZgiM7JH3GQ7ReObROvSUA==}
    engines: {node: '>=18'}
    cpu: [riscv64]
    os: [linux]

  '@esbuild/linux-s390x@0.25.4':
    resolution: {integrity: sha512-jFnu+6UbLlzIjPQpWCNh5QtrcNfMLjgIavnwPQAfoGx4q17ocOU9MsQ2QVvFxwQoWpZT8DvTLooTvmOQXkO51g==}
    engines: {node: '>=18'}
    cpu: [s390x]
    os: [linux]

  '@esbuild/linux-x64@0.25.4':
    resolution: {integrity: sha512-6e0cvXwzOnVWJHq+mskP8DNSrKBr1bULBvnFLpc1KY+d+irZSgZ02TGse5FsafKS5jg2e4pbvK6TPXaF/A6+CA==}
    engines: {node: '>=18'}
    cpu: [x64]
    os: [linux]

  '@esbuild/netbsd-arm64@0.25.4':
    resolution: {integrity: sha512-vUnkBYxZW4hL/ie91hSqaSNjulOnYXE1VSLusnvHg2u3jewJBz3YzB9+oCw8DABeVqZGg94t9tyZFoHma8gWZQ==}
    engines: {node: '>=18'}
    cpu: [arm64]
    os: [netbsd]

  '@esbuild/netbsd-x64@0.25.4':
    resolution: {integrity: sha512-XAg8pIQn5CzhOB8odIcAm42QsOfa98SBeKUdo4xa8OvX8LbMZqEtgeWE9P/Wxt7MlG2QqvjGths+nq48TrUiKw==}
    engines: {node: '>=18'}
    cpu: [x64]
    os: [netbsd]

  '@esbuild/openbsd-arm64@0.25.4':
    resolution: {integrity: sha512-Ct2WcFEANlFDtp1nVAXSNBPDxyU+j7+tId//iHXU2f/lN5AmO4zLyhDcpR5Cz1r08mVxzt3Jpyt4PmXQ1O6+7A==}
    engines: {node: '>=18'}
    cpu: [arm64]
    os: [openbsd]

  '@esbuild/openbsd-x64@0.25.4':
    resolution: {integrity: sha512-xAGGhyOQ9Otm1Xu8NT1ifGLnA6M3sJxZ6ixylb+vIUVzvvd6GOALpwQrYrtlPouMqd/vSbgehz6HaVk4+7Afhw==}
    engines: {node: '>=18'}
    cpu: [x64]
    os: [openbsd]

  '@esbuild/sunos-x64@0.25.4':
    resolution: {integrity: sha512-Mw+tzy4pp6wZEK0+Lwr76pWLjrtjmJyUB23tHKqEDP74R3q95luY/bXqXZeYl4NYlvwOqoRKlInQialgCKy67Q==}
    engines: {node: '>=18'}
    cpu: [x64]
    os: [sunos]

  '@esbuild/win32-arm64@0.25.4':
    resolution: {integrity: sha512-AVUP428VQTSddguz9dO9ngb+E5aScyg7nOeJDrF1HPYu555gmza3bDGMPhmVXL8svDSoqPCsCPjb265yG/kLKQ==}
    engines: {node: '>=18'}
    cpu: [arm64]
    os: [win32]

  '@esbuild/win32-ia32@0.25.4':
    resolution: {integrity: sha512-i1sW+1i+oWvQzSgfRcxxG2k4I9n3O9NRqy8U+uugaT2Dy7kLO9Y7wI72haOahxceMX8hZAzgGou1FhndRldxRg==}
    engines: {node: '>=18'}
    cpu: [ia32]
    os: [win32]

  '@esbuild/win32-x64@0.25.4':
    resolution: {integrity: sha512-nOT2vZNw6hJ+z43oP1SPea/G/6AbN6X+bGNhNuq8NtRHy4wsMhw765IKLNmnjek7GvjWBYQ8Q5VBoYTFg9y1UQ==}
    engines: {node: '>=18'}
    cpu: [x64]
    os: [win32]

  '@jridgewell/sourcemap-codec@1.5.0':
    resolution: {integrity: sha512-gv3ZRaISU3fjPAgNsriBRqGWQL6quFx04YMPW/zD8XMLsU32mhCCbfbO6KZFLjvYpCZ8zyDEgqsgf+PwPaM7GQ==}

  '@rollup/rollup-android-arm-eabi@4.41.0':
    resolution: {integrity: sha512-KxN+zCjOYHGwCl4UCtSfZ6jrq/qi88JDUtiEFk8LELEHq2Egfc/FgW+jItZiOLRuQfb/3xJSgFuNPC9jzggX+A==}
    cpu: [arm]
    os: [android]

  '@rollup/rollup-android-arm64@4.41.0':
    resolution: {integrity: sha512-yDvqx3lWlcugozax3DItKJI5j05B0d4Kvnjx+5mwiUpWramVvmAByYigMplaoAQ3pvdprGCTCE03eduqE/8mPQ==}
    cpu: [arm64]
    os: [android]

  '@rollup/rollup-darwin-arm64@4.41.0':
    resolution: {integrity: sha512-2KOU574vD3gzcPSjxO0eyR5iWlnxxtmW1F5CkNOHmMlueKNCQkxR6+ekgWyVnz6zaZihpUNkGxjsYrkTJKhkaw==}
    cpu: [arm64]
    os: [darwin]

  '@rollup/rollup-darwin-x64@4.41.0':
    resolution: {integrity: sha512-gE5ACNSxHcEZyP2BA9TuTakfZvULEW4YAOtxl/A/YDbIir/wPKukde0BNPlnBiP88ecaN4BJI2TtAd+HKuZPQQ==}
    cpu: [x64]
    os: [darwin]

  '@rollup/rollup-freebsd-arm64@4.41.0':
    resolution: {integrity: sha512-GSxU6r5HnWij7FoSo7cZg3l5GPg4HFLkzsFFh0N/b16q5buW1NAWuCJ+HMtIdUEi6XF0qH+hN0TEd78laRp7Dg==}
    cpu: [arm64]
    os: [freebsd]

  '@rollup/rollup-freebsd-x64@4.41.0':
    resolution: {integrity: sha512-KGiGKGDg8qLRyOWmk6IeiHJzsN/OYxO6nSbT0Vj4MwjS2XQy/5emsmtoqLAabqrohbgLWJ5GV3s/ljdrIr8Qjg==}
    cpu: [x64]
    os: [freebsd]

  '@rollup/rollup-linux-arm-gnueabihf@4.41.0':
    resolution: {integrity: sha512-46OzWeqEVQyX3N2/QdiU/CMXYDH/lSHpgfBkuhl3igpZiaB3ZIfSjKuOnybFVBQzjsLwkus2mjaESy8H41SzvA==}
    cpu: [arm]
    os: [linux]

  '@rollup/rollup-linux-arm-musleabihf@4.41.0':
    resolution: {integrity: sha512-lfgW3KtQP4YauqdPpcUZHPcqQXmTmH4nYU0cplNeW583CMkAGjtImw4PKli09NFi2iQgChk4e9erkwlfYem6Lg==}
    cpu: [arm]
    os: [linux]

  '@rollup/rollup-linux-arm64-gnu@4.41.0':
    resolution: {integrity: sha512-nn8mEyzMbdEJzT7cwxgObuwviMx6kPRxzYiOl6o/o+ChQq23gfdlZcUNnt89lPhhz3BYsZ72rp0rxNqBSfqlqw==}
    cpu: [arm64]
    os: [linux]

  '@rollup/rollup-linux-arm64-musl@4.41.0':
    resolution: {integrity: sha512-l+QK99je2zUKGd31Gh+45c4pGDAqZSuWQiuRFCdHYC2CSiO47qUWsCcenrI6p22hvHZrDje9QjwSMAFL3iwXwQ==}
    cpu: [arm64]
    os: [linux]

  '@rollup/rollup-linux-loongarch64-gnu@4.41.0':
    resolution: {integrity: sha512-WbnJaxPv1gPIm6S8O/Wg+wfE/OzGSXlBMbOe4ie+zMyykMOeqmgD1BhPxZQuDqwUN+0T/xOFtL2RUWBspnZj3w==}
    cpu: [loong64]
    os: [linux]

  '@rollup/rollup-linux-powerpc64le-gnu@4.41.0':
    resolution: {integrity: sha512-eRDWR5t67/b2g8Q/S8XPi0YdbKcCs4WQ8vklNnUYLaSWF+Cbv2axZsp4jni6/j7eKvMLYCYdcsv8dcU+a6QNFg==}
    cpu: [ppc64]
    os: [linux]

  '@rollup/rollup-linux-riscv64-gnu@4.41.0':
    resolution: {integrity: sha512-TWrZb6GF5jsEKG7T1IHwlLMDRy2f3DPqYldmIhnA2DVqvvhY2Ai184vZGgahRrg8k9UBWoSlHv+suRfTN7Ua4A==}
    cpu: [riscv64]
    os: [linux]

  '@rollup/rollup-linux-riscv64-musl@4.41.0':
    resolution: {integrity: sha512-ieQljaZKuJpmWvd8gW87ZmSFwid6AxMDk5bhONJ57U8zT77zpZ/TPKkU9HpnnFrM4zsgr4kiGuzbIbZTGi7u9A==}
    cpu: [riscv64]
    os: [linux]

  '@rollup/rollup-linux-s390x-gnu@4.41.0':
    resolution: {integrity: sha512-/L3pW48SxrWAlVsKCN0dGLB2bi8Nv8pr5S5ocSM+S0XCn5RCVCXqi8GVtHFsOBBCSeR+u9brV2zno5+mg3S4Aw==}
    cpu: [s390x]
    os: [linux]

  '@rollup/rollup-linux-x64-gnu@4.41.0':
    resolution: {integrity: sha512-XMLeKjyH8NsEDCRptf6LO8lJk23o9wvB+dJwcXMaH6ZQbbkHu2dbGIUindbMtRN6ux1xKi16iXWu6q9mu7gDhQ==}
    cpu: [x64]
    os: [linux]

  '@rollup/rollup-linux-x64-musl@4.41.0':
    resolution: {integrity: sha512-m/P7LycHZTvSQeXhFmgmdqEiTqSV80zn6xHaQ1JSqwCtD1YGtwEK515Qmy9DcB2HK4dOUVypQxvhVSy06cJPEg==}
    cpu: [x64]
    os: [linux]

  '@rollup/rollup-win32-arm64-msvc@4.41.0':
    resolution: {integrity: sha512-4yodtcOrFHpbomJGVEqZ8fzD4kfBeCbpsUy5Pqk4RluXOdsWdjLnjhiKy2w3qzcASWd04fp52Xz7JKarVJ5BTg==}
    cpu: [arm64]
    os: [win32]

  '@rollup/rollup-win32-ia32-msvc@4.41.0':
    resolution: {integrity: sha512-tmazCrAsKzdkXssEc65zIE1oC6xPHwfy9d5Ta25SRCDOZS+I6RypVVShWALNuU9bxIfGA0aqrmzlzoM5wO5SPQ==}
    cpu: [ia32]
    os: [win32]

  '@rollup/rollup-win32-x64-msvc@4.41.0':
    resolution: {integrity: sha512-h1J+Yzjo/X+0EAvR2kIXJDuTuyT7drc+t2ALY0nIcGPbTatNOf0VWdhEA2Z4AAjv6X1NJV7SYo5oCTYRJhSlVA==}
    cpu: [x64]
    os: [win32]

  '@types/estree@1.0.7':
    resolution: {integrity: sha512-w28IoSUCJpidD/TGviZwwMJckNESJZXFu7NBZ5YJ4mEUnNraUn9Pm8HSZm/jDF1pDWYKspWE7oVphigUPRakIQ==}

  '@vue/compiler-core@3.5.14':
    resolution: {integrity: sha512-k7qMHMbKvoCXIxPhquKQVw3Twid3Kg4s7+oYURxLGRd56LiuHJVrvFKI4fm2AM3c8apqODPfVJGoh8nePbXMRA==}

  '@vue/compiler-dom@3.5.14':
    resolution: {integrity: sha512-1aOCSqxGOea5I80U2hQJvXYpPm/aXo95xL/m/mMhgyPUsKe9jhjwWpziNAw7tYRnbz1I61rd9Mld4W9KmmRoug==}

  '@vue/compiler-sfc@3.5.14':
    resolution: {integrity: sha512-9T6m/9mMr81Lj58JpzsiSIjBgv2LiVoWjIVa7kuXHICUi8LiDSIotMpPRXYJsXKqyARrzjT24NAwttrMnMaCXA==}

  '@vue/compiler-ssr@3.5.14':
    resolution: {integrity: sha512-Y0G7PcBxr1yllnHuS/NxNCSPWnRGH4Ogrp0tsLA5QemDZuJLs99YjAKQ7KqkHE0vCg4QTKlQzXLKCMF7WPSl7Q==}

  '@vue/reactivity@3.5.14':
    resolution: {integrity: sha512-7cK1Hp343Fu/SUCCO52vCabjvsYu7ZkOqyYu7bXV9P2yyfjUMUXHZafEbq244sP7gf+EZEz+77QixBTuEqkQQw==}

  '@vue/runtime-core@3.5.14':
    resolution: {integrity: sha512-w9JWEANwHXNgieAhxPpEpJa+0V5G0hz3NmjAZwlOebtfKyp2hKxKF0+qSh0Xs6/PhfGihuSdqMprMVcQU/E6ag==}

  '@vue/runtime-dom@3.5.14':
    resolution: {integrity: sha512-lCfR++IakeI35TVR80QgOelsUIdcKjd65rWAMfdSlCYnaEY5t3hYwru7vvcWaqmrK+LpI7ZDDYiGU5V3xjMacw==}

  '@vue/server-renderer@3.5.14':
    resolution: {integrity: sha512-Rf/ISLqokIvcySIYnv3tNWq40PLpNLDLSJwwVWzG6MNtyIhfbcrAxo5ZL9nARJhqjZyWWa40oRb2IDuejeuv6w==}
    peerDependencies:
      vue: 3.5.14

  '@vue/shared@3.5.14':
    resolution: {integrity: sha512-oXTwNxVfc9EtP1zzXAlSlgARLXNC84frFYkS0HHz0h3E4WZSP9sywqjqzGCP9Y34M8ipNmd380pVgmMuwELDyQ==}

  accepts@1.3.8:
    resolution: {integrity: sha512-PYAthTa2m2VKxuvSD3DPC/Gy+U+sOA1LAuT8mkmRuvw+NACSaeXEQ+NHcVF7rONl6qcaxV3Uuemwawk+7+SJLw==}
    engines: {node: '>= 0.6'}

  acorn@5.7.4:
    resolution: {integrity: sha512-1D++VG7BhrtvQpNbBzovKNc1FLGGEE/oGe7b9xJm/RFHMBeUaUGpluV9RLjZa47YFdPcDAenEYuq9pQPcMdLJg==}
    engines: {node: '>=0.4.0'}
    hasBin: true

  amdefine@1.0.1:
    resolution: {integrity: sha512-S2Hw0TtNkMJhIabBwIojKL9YHO5T0n5eNqWJ7Lrlel/zDbftQpxpapi8tZs3X1HWa+u+QeydGmzzNU0m09+Rcg==}
    engines: {node: '>=0.4.2'}

  asap@2.0.6:
    resolution: {integrity: sha512-BSHWgDSAiKs50o2Re8ppvp3seVHXSRM44cdSsT9FfNEUUZLOGWVCsiWaRPWM1Znn+mqZ1OfVZ3z3DWEzSp7hRA==}

  ast-types@0.9.6:
    resolution: {integrity: sha512-qEdtR2UH78yyHX/AUNfXmJTlM48XoFZKBdwi1nzkI1mJL21cmbu0cvjxjpkXJ5NENMq42H+hNs8VLJcqXLerBQ==}
    engines: {node: '>= 0.8'}

  balanced-match@1.0.2:
    resolution: {integrity: sha512-3oSeUO0TMV67hN1AmbXsK4yaqU7tjiHlbxRDZOpH0KW9+CeX4bRAaX0Anxt0tx2MrpRpWwQaPwIlISEJhYU5Pw==}

  base62@1.2.8:
    resolution: {integrity: sha512-V6YHUbjLxN1ymqNLb1DPHoU1CpfdL7d2YTIp5W3U4hhoG4hhxNmsFDs66M9EXxBiSEke5Bt5dwdfMwwZF70iLA==}

  brace-expansion@1.1.11:
    resolution: {integrity: sha512-iCuPHDFgrHX7H2vEI/5xpz07zSHB00TpugqhmYtVmMO6518mCuRMoOYFldEBl0g187ufozdaHgWKcYFb61qGiA==}

  cache-content-type@1.0.1:
    resolution: {integrity: sha512-IKufZ1o4Ut42YUrZSo8+qnMTrFuKkvyoLXUywKz9GJ5BrhOFGhLdkx9sG4KAnVvbY6kEcSFjLQul+DVmBm2bgA==}
    engines: {node: '>= 6.0.0'}

  call-bind-apply-helpers@1.0.2:
    resolution: {integrity: sha512-Sp1ablJ0ivDkSzjcaJdxEunN5/XvksFJ2sMBFfq6x0ryhQV/2b/KwFe21cMpmHtPOSij8K99/wSfoEuTObmuMQ==}
    engines: {node: '>= 0.4'}

  call-bound@1.0.4:
    resolution: {integrity: sha512-+ys997U96po4Kx/ABpBCqhA9EuxJaQWDQg7295H4hBphv3IZg0boBKuwYpt4YXp6MZ5AmZQnU/tyMTlRpaSejg==}
    engines: {node: '>= 0.4'}

  co@4.6.0:
    resolution: {integrity: sha512-QVb0dM5HvG+uaxitm8wONl7jltx8dqhfU33DcqtOZcLSVIKSDDLDi7+0LbAKiyI8hD9u42m2YxXSkMGWThaecQ==}
    engines: {iojs: '>= 1.0.0', node: '>= 0.12.0'}

  commander@2.20.3:
    resolution: {integrity: sha512-GpVkmM8vF2vQUkj2LvZmD35JxeJOLCwJ9cUkugyk2nuhbv3+mJvpLYYt+0+USMxE+oj+ey/lJEnhZw75x/OMcQ==}

  commoner@0.10.8:
    resolution: {integrity: sha512-3/qHkNMM6o/KGXHITA14y78PcfmXh4+AOCJpSoF73h4VY1JpdGv3CHMS5+JW6SwLhfJt4RhNmLAa7+RRX/62EQ==}
    engines: {node: '>= 0.8'}
    hasBin: true

  concat-map@0.0.1:
    resolution: {integrity: sha512-/Srv4dswyQNBfohGpz9o6Yb3Gz3SrUDqBH5rTuhGR7ahtlbYKnVxw2bCFMRljaA7EXHaXZ8wsHdodFvbkhKmqg==}

  content-disposition@0.5.4:
    resolution: {integrity: sha512-FveZTNuGw04cxlAiWbzi6zTAL/lhehaWbTtgluJh4/E95DqMwTmha3KZN1aAWA8cFIhHzMZUvLevkw5Rqk+tSQ==}
    engines: {node: '>= 0.6'}

  content-type@1.0.5:
    resolution: {integrity: sha512-nTjqfcBFEipKdXCv4YDQWCfmcLZKm81ldF0pAopTvyrFGVbcR6P/VAAd5G7N+0tTr8QqiU0tFadD6FK4NtJwOA==}
    engines: {node: '>= 0.6'}

  cookies@0.9.1:
    resolution: {integrity: sha512-TG2hpqe4ELx54QER/S3HQ9SRVnQnGBtKUz5bLQWtYAQ+o6GpgMs6sYUvaiJjVxb+UXwhRhAEP3m7LbsIZ77Hmw==}
    engines: {node: '>= 0.8'}

  core-js@1.2.7:
    resolution: {integrity: sha512-ZiPp9pZlgxpWRu0M+YWbm6+aQ84XEfH1JRXvfOc/fILWI0VKhLC2LX13X1NYq4fULzLMq7Hfh43CSo2/aIaUPA==}
    deprecated: core-js@<3.23.3 is no longer maintained and not recommended for usage due to the number of issues. Because of the V8 engine whims, feature detection in old core-js versions could cause a slowdown up to 100x even if nothing is polyfilled. Some versions have web compatibility issues. Please, upgrade your dependencies to the actual version of core-js.

  csstype@3.1.3:
    resolution: {integrity: sha512-M1uQkMl8rQK/szD0LNhtqxIPLpimGm8sOBwU7lLnCpSbTyY3yeU1Vc7l4KT5zT4s/yOxHH5O7tIuuLOCnLADRw==}

  debug@4.4.1:
    resolution: {integrity: sha512-KcKCqiftBJcZr++7ykoDIEwSa3XWowTfNPo92BYxjXiyYEVrUQh2aLyhxBCwww+heortUFxEJYcRzosstTEBYQ==}
    engines: {node: '>=6.0'}
    peerDependencies:
      supports-color: '*'
    peerDependenciesMeta:
      supports-color:
        optional: true

  deep-equal@1.0.1:
    resolution: {integrity: sha512-bHtC0iYvWhyaTzvV3CZgPeZQqCOBGyGsVV7v4eevpdkLHfiSrXUdBG+qAuSz4RI70sszvjQ1QSZ98An1yNwpSw==}

  defined@1.0.1:
    resolution: {integrity: sha512-hsBd2qSVCRE+5PmNdHt1uzyrFu5d3RwmFDKzyNZMFq/EwDNJF7Ee5+D5oEKF0hU6LhtoUF1macFvOe4AskQC1Q==}

  delegates@1.0.0:
    resolution: {integrity: sha512-bd2L678uiWATM6m5Z1VzNCErI3jiGzt6HGY8OVICs40JQq/HALfbyNJmp0UDakEY4pMMaN0Ly5om/B1VI/+xfQ==}

  depd@1.1.2:
    resolution: {integrity: sha512-7emPTl6Dpo6JRXOXjLRxck+FlLRX5847cLKEn00PLAgc3g2hTZZgr+e4c2v6QpSmLeFP3n5yUo7ft6avBK/5jQ==}
    engines: {node: '>= 0.6'}

  depd@2.0.0:
    resolution: {integrity: sha512-g7nH6P6dyDioJogAAGprGpCtVImJhpPk/roCzdb3fIh61/s/nPsfR6onyMwkCAR/OlC3yBC0lESvUoQEAssIrw==}
    engines: {node: '>= 0.8'}

  destroy@1.2.0:
    resolution: {integrity: sha512-2sJGJTaXIIaR1w4iJSNoN0hnMY7Gpc/n8D4qSCJw8QqFWXf7cuAgnEHxBpweaVcPevC2l3KpjYCx3NypQQgaJg==}
    engines: {node: '>= 0.8', npm: 1.2.8000 || >= 1.4.16}

  detective@4.7.1:
    resolution: {integrity: sha512-H6PmeeUcZloWtdt4DAkFyzFL94arpHr3NOwwmVILFiy+9Qd4JTxxXrzfyGk/lmct2qVGBwTSwSXagqu2BxmWig==}

  dunder-proto@1.0.1:
    resolution: {integrity: sha512-KIN/nDJBQRcXw0MLVhZE9iQHmG68qAVIBg9CqmUYjmQIhgij9U5MFvrqkUL5FbtyyzZuOeOt0zdeRe4UY7ct+A==}
    engines: {node: '>= 0.4'}

  ee-first@1.1.1:
    resolution: {integrity: sha512-WMwm9LhRUo+WUaRN+vRuETqG89IgZphVSNkdFgeb6sS/E4OrDIN7t48CAewSHXc6C8lefD8KKfr5vY61brQlow==}

  encodeurl@1.0.2:
    resolution: {integrity: sha512-TPJXq8JqFaVYm2CWmPvnP2Iyo4ZSM7/QKcSmuMLDObfpH5fi7RUGmd/rTDf+rut/saiDiQEeVTNgAmJEdAOx0w==}
    engines: {node: '>= 0.8'}

  entities@4.5.0:
    resolution: {integrity: sha512-V0hjH4dGPh9Ao5p0MoRY6BVqtwCjhz6vI5LT8AJ55H+4g9/4vbHx1I54fS0XuclLhDHArPQCiMjDxjaL8fPxhw==}
    engines: {node: '>=0.12'}

  envify@3.4.1:
    resolution: {integrity: sha512-XLiBFsLtNF0MOZl+vWU59yPb3C2JtrQY2CNJn22KH75zPlHWY5ChcAQuf4knJeWT/lLkrx3sqvhP/J349bt4Bw==}
    hasBin: true

  es-define-property@1.0.1:
    resolution: {integrity: sha512-e3nRfgfUZ4rNGL232gUgX06QNyyez04KdjFrF+LTRoOXmrOgFKDg4BCdsjW8EnT69eqdYGmRpJwiPVYNrCaW3g==}
    engines: {node: '>= 0.4'}

  es-errors@1.3.0:
    resolution: {integrity: sha512-Zf5H2Kxt2xjTvbJvP2ZWLEICxA6j+hAmMzIlypy4xcBg1vKVnx89Wy0GbS+kf5cwCVFFzdCFh2XSCFNULS6csw==}
    engines: {node: '>= 0.4'}

  es-object-atoms@1.1.1:
    resolution: {integrity: sha512-FGgH2h8zKNim9ljj7dankFPcICIK9Cp5bm+c2gQSYePhpaG5+esrLODihIorn+Pe6FGJzWhXQotPv73jTaldXA==}
    engines: {node: '>= 0.4'}

  esbuild@0.25.4:
    resolution: {integrity: sha512-8pgjLUcUjcgDg+2Q4NYXnPbo/vncAY4UmyaCm0jZevERqCHZIaWwdJHkf8XQtu4AxSKCdvrUbT0XUr1IdZzI8Q==}
    engines: {node: '>=18'}
    hasBin: true

  escape-html@1.0.3:
    resolution: {integrity: sha512-NiSupZ4OeuGwr68lGIeym/ksIZMJodUGOSCZ/FSnTxcrekbvqrgdUxlJOMpijaKZVjAJrWrGs/6Jy8OMuyj9ow==}

  esprima-fb@15001.1.0-dev-harmony-fb:
    resolution: {integrity: sha512-59dDGQo2b3M/JfKIws0/z8dcXH2mnVHkfSPRhCYS91JNGfGNwr7GsSF6qzWZuOGvw5Ii0w9TtylrX07MGmlOoQ==}
    engines: {node: '>=0.4.0'}
    hasBin: true

  esprima@3.1.3:
    resolution: {integrity: sha512-AWwVMNxwhN8+NIPQzAQZCm7RkLC4RbM3B1OobMuyp3i+w73X57KCKaVIxaRZb+DYCojq7rspo+fmuQfAboyhFg==}
    engines: {node: '>=4'}
    hasBin: true

  estree-walker@2.0.2:
    resolution: {integrity: sha512-Rfkk/Mp/DL7JVje3u18FxFujQlTNR2q6QfMSMB7AvCBx91NGj/ba3kCfza0f6dVDbw7YlRf/nDrn7pQrCCyQ/w==}

  fbjs@0.6.1:
    resolution: {integrity: sha512-4KW7tT33ytfazK3Ekvesbsa4A5J79hUrdXONQGZ0wM6i3PFc70YknF9kj1eyx3mDupgJ7Z+ifFhcMJ+ps2eZIw==}

  fdir@6.4.4:
    resolution: {integrity: sha512-1NZP+GK4GfuAv3PqKvxQRDMjdSRZjnkq7KfhlNrCNNlZ0ygQFpebfrnfnq/W7fpUnAv9aGWmY1zKx7FYL3gwhg==}
    peerDependencies:
      picomatch: ^3 || ^4
    peerDependenciesMeta:
      picomatch:
        optional: true

  fresh@0.5.2:
    resolution: {integrity: sha512-zJ2mQYM18rEFOudeV4GShTGIQ7RbzA7ozbU9I/XBpm7kqgMywgmylMwXHxZJmkVoYkna9d2pVXVXPdYTP9ej8Q==}
    engines: {node: '>= 0.6'}

  fsevents@2.3.3:
    resolution: {integrity: sha512-5xoDfX+fL7faATnagmWPpbFtwh/R77WmMMqqHGS65C3vvB0YHrgF+B1YmZ3441tMj5n63k0212XNoJwzlhffQw==}
    engines: {node: ^8.16.0 || ^10.6.0 || >=11.0.0}
    os: [darwin]

  function-bind@1.1.2:
    resolution: {integrity: sha512-7XHNxH7qX9xG5mIwxkhumTox/MIRNcOgDrxWsMt2pAr23WHp6MrRlN7FBSFpCpr+oVO0F744iUgR82nJMfG2SA==}

  get-intrinsic@1.3.0:
    resolution: {integrity: sha512-9fSjSaos/fRIVIp+xSJlE6lfwhES7LNtKaCBIamHsjr2na1BiABJPo0mOjjz8GJDURarmCPGqaiVg5mfjb98CQ==}
    engines: {node: '>= 0.4'}

  get-proto@1.0.1:
    resolution: {integrity: sha512-sTSfBjoXBp89JvIKIefqw7U2CCebsc74kiY6awiGogKtoSGbgjYE/G/+l9sF3MWFPNc9IcoOC4ODfKHfxFmp0g==}
    engines: {node: '>= 0.4'}

  glob@5.0.15:
    resolution: {integrity: sha512-c9IPMazfRITpmAAKi22dK1VKxGDX9ehhqfABDriL/lzO92xcUKEJPQHrVA/2YHSNFB4iFlykVmWvwo48nr3OxA==}
    deprecated: Glob versions prior to v9 are no longer supported

  gopd@1.2.0:
    resolution: {integrity: sha512-ZUKRh6/kUFoAiTAtTYPZJ3hw9wNxx+BIBOijnlG9PnrJsCcSjs1wyyD6vJpaYtgnzDrKYRSqf3OO6Rfa93xsRg==}
    engines: {node: '>= 0.4'}

  graceful-fs@4.2.11:
    resolution: {integrity: sha512-RbJ5/jmFcNNCcDV5o9eTnBLJ/HszWV0P73bc+Ff4nS/rJj+YaS6IGyiOL0VoBYX+l1Wrl3k63h/KrH+nhJ0XvQ==}

  has-symbols@1.1.0:
    resolution: {integrity: sha512-1cDNdwJ2Jaohmb3sg4OmKaMBwuC48sYni5HUw2DvsC8LjGTLK9h+eb1X6RyuOHe4hT0ULCW68iomhjUoKUqlPQ==}
    engines: {node: '>= 0.4'}

  has-tostringtag@1.0.2:
    resolution: {integrity: sha512-NqADB8VjPFLM2V0VvHUewwwsw0ZWBaIdgo+ieHtK3hasLz4qeCRjYcqfB6AQrBggRKppKF8L52/VqdVsO47Dlw==}
    engines: {node: '>= 0.4'}

  hasown@2.0.2:
    resolution: {integrity: sha512-0hJU9SCPvmMzIBdZFqNPXWa6dqh7WdH0cII9y+CyS8rG3nL48Bclra9HmKhVVUHyPWNH5Y7xDwAB7bfgSjkUMQ==}
    engines: {node: '>= 0.4'}

  http-assert@1.5.0:
    resolution: {integrity: sha512-uPpH7OKX4H25hBmU6G1jWNaqJGpTXxey+YOUizJUAgu0AjLUeC8D73hTrhvDS5D+GJN1DN1+hhc/eF/wpxtp0w==}
    engines: {node: '>= 0.8'}

  http-errors@1.6.3:
    resolution: {integrity: sha512-lks+lVC8dgGyh97jxvxeYTWQFvh4uw4yC12gVl63Cg30sjPX4wuGcdkICVXDAESr6OJGjqGA8Iz5mkeN6zlD7A==}
    engines: {node: '>= 0.6'}

  http-errors@1.8.1:
    resolution: {integrity: sha512-Kpk9Sm7NmI+RHhnj6OIWDI1d6fIoFAtFt9RLaTMRlg/8w49juAStsrBgp0Dp4OdxdVbRIeKhtCUvoi/RuAhO4g==}
    engines: {node: '>= 0.6'}

  iconv-lite@0.4.24:
    resolution: {integrity: sha512-v3MXnZAcvnywkTUEZomIActle7RXXeedOR31wwl7VlyoXO4Qi9arvSenNQWne1TcRwhCL1HwLI21bEqdpj8/rA==}
    engines: {node: '>=0.10.0'}

  inflight@1.0.6:
    resolution: {integrity: sha512-k92I/b08q4wvFscXCLvqfsHCrjrF7yiXsQuIVvVE7N82W3+aqpzuUdBbfhWcy/FZR3/4IgflMgKLOsvPDrGCJA==}
    deprecated: This module is not supported, and leaks memory. Do not use it. Check out lru-cache if you want a good and tested way to coalesce async requests by a key value, which is much more comprehensive and powerful.

  inherits@2.0.3:
    resolution: {integrity: sha512-x00IRNXNy63jwGkJmzPigoySHbaqpNuzKbBOmzK+g2OdZpQ9w+sxCN+VSB3ja7IAge2OP2qpfxTjeNcyjmW1uw==}

  inherits@2.0.4:
    resolution: {integrity: sha512-k/vGaX4/Yla3WzyMCvTQOXYeIHvqOKtnqBduzTHpzpQZzAskKMhZ2K+EnBiSM9zGSoIFeMpXKxa4dYeZIQqewQ==}

  is-generator-function@1.1.0:
    resolution: {integrity: sha512-nPUB5km40q9e8UfN/Zc24eLlzdSf9OfKByBw9CIdw4H1giPMeA0OIJvbchsCu4npfI2QcMVBsGEBHKZ7wLTWmQ==}
    engines: {node: '>= 0.4'}

  is-regex@1.2.1:
    resolution: {integrity: sha512-MjYsKHO5O7mCsmRGxWcLWheFqN9DJ/2TmngvjKXihe6efViPqc274+Fx/4fYj/r03+ESvBdTXK0V6tA3rgez1g==}
    engines: {node: '>= 0.4'}

  js-tokens@4.0.0:
    resolution: {integrity: sha512-RdJUflcE3cUzKiMqQgsCu06FPu9UdIJO0beYbPhHN4k6apgJtifcoCtT9bcxOpYBtpD2kCM6Sbzg4CausW/PKQ==}

  jstransform@11.0.3:
    resolution: {integrity: sha512-LGm87w0A8E92RrcXt94PnNHkFqHmgDy3mKHvNZOG7QepKCTCH/VB6S+IEN+bT4uLN3gVpOT0vvOOVd96osG71g==}
    engines: {node: '>=0.8.8'}
    hasBin: true

  keygrip@1.1.0:
    resolution: {integrity: sha512-iYSchDJ+liQ8iwbSI2QqsQOvqv58eJCEanyJPJi+Khyu8smkcKSFUCbPwzFcL7YVtZ6eONjqRX/38caJ7QjRAQ==}
    engines: {node: '>= 0.6'}

  koa-compose@4.1.0:
    resolution: {integrity: sha512-8ODW8TrDuMYvXRwra/Kh7/rJo9BtOfPc6qO8eAfC80CnCvSjSl0bkRM24X6/XBBEyj0v1nRUQ1LyOy3dbqOWXw==}

  koa-convert@2.0.0:
    resolution: {integrity: sha512-asOvN6bFlSnxewce2e/DK3p4tltyfC4VM7ZwuTuepI7dEQVcvpyFuBcEARu1+Hxg8DIwytce2n7jrZtRlPrARA==}
    engines: {node: '>= 10'}

  koa-send@5.0.1:
    resolution: {integrity: sha512-tmcyQ/wXXuxpDxyNXv5yNNkdAMdFRqwtegBXUaowiQzUKqJehttS0x2j0eOZDQAyloAth5w6wwBImnFzkUz3pQ==}
    engines: {node: '>= 8'}

  koa@2.16.1:
    resolution: {integrity: sha512-umfX9d3iuSxTQP4pnzLOz0HKnPg0FaUUIKcye2lOiz3KPu1Y3M3xlz76dISdFPQs37P9eJz1wUpcTS6KDPn9fA==}
    engines: {node: ^4.8.4 || ^6.10.1 || ^7.10.1 || >= 8.1.4}

  loose-envify@1.4.0:
    resolution: {integrity: sha512-lyuxPGr/Wfhrlem2CL/UcnUc1zcqKAImBDzukY7Y5F/yQiNdko6+fRLevlw1HgMySw7f611UIY408EtxRSoK3Q==}
    hasBin: true

  magic-string@0.30.17:
    resolution: {integrity: sha512-sNPKHvyjVf7gyjwS4xGTaW/mCnF8wnjtifKBEhxfZ7E/S8tQ0rssrwGNn6q8JH/ohItJfSQp9mBtQYuTlH5QnA==}

  math-intrinsics@1.1.0:
    resolution: {integrity: sha512-/IXtbwEk5HTPyEwyKX6hGkYXxM9nbj64B+ilVJnC/R6B0pH5G4V3b0pVbL7DBj4tkhBAppbQUlf6F6Xl9LHu1g==}
    engines: {node: '>= 0.4'}

  media-typer@0.3.0:
    resolution: {integrity: sha512-dq+qelQ9akHpcOl/gUVRTxVIOkAJ1wR3QAvb4RsVjS8oVoFjDGTc679wJYmUmknUF5HwMLOgb5O+a3KxfWapPQ==}
    engines: {node: '>= 0.6'}

  mime-db@1.52.0:
    resolution: {integrity: sha512-sPU4uV7dYlvtWJxwwxHD0PuihVNiE7TyAbQ5SWxDCB9mUYvOgroQOwYQQOKPJ8CIbE+1ETVlOoK1UC2nU3gYvg==}
    engines: {node: '>= 0.6'}

  mime-types@2.1.35:
    resolution: {integrity: sha512-ZDY+bPm5zTTF+YpCrAU9nK0UgICYPT0QtT1NZWFv4s++TNkcgVaT0g6+4R2uI4MjQjzysHB1zxuWL50hzaeXiw==}
    engines: {node: '>= 0.6'}

  minimatch@3.1.2:
    resolution: {integrity: sha512-J7p63hRiAjw1NDEww1W7i37+ByIrOWO5XQQAzZ3VOcL0PNybwpfmV/N05zFAzwQ9USyEcX6t3UO+K5aqBQOIHw==}

  minimist@1.2.8:
    resolution: {integrity: sha512-2yyAR8qBkN3YuheJanUpWC5U3bb5osDywNB8RzDVlDwDHbocAJveqqj1u8+SVD7jkWT4yvsHCpWqqWqAxb0zCA==}

  mkdirp@0.5.6:
    resolution: {integrity: sha512-FP+p8RB8OWpF3YZBCrP5gtADmtXApB5AMLn+vdyA+PyxCjrCs00mjyUozssO33cwDeT3wNGdLxJ5M//YqtHAJw==}
    hasBin: true

  ms@2.1.3:
    resolution: {integrity: sha512-6FlzubTLZG3J2a/NVCAleEhjzq5oxgHyaCU9yYXvcLsvoVaHJq/s5xXI6/XXP6tz7R9xAOtHnSO/tXtF3WRTlA==}

  nanoid@3.3.11:
    resolution: {integrity: sha512-N8SpfPUnUp1bK+PMYW8qSWdl9U+wwNWI4QKxOYDy9JAro3WMX7p2OeVRF9v+347pnakNevPmiHhNmZ2HbFA76w==}
    engines: {node: ^10 || ^12 || ^13.7 || ^14 || >=15.0.1}
    hasBin: true

  negotiator@0.6.3:
    resolution: {integrity: sha512-+EUsqGPLsM+j/zdChZjsnX51g4XrHFOIXwfnCVPGlQk/k5giakcKsuxCObBRu6DSm9opw/O6slWbJdghQM4bBg==}
    engines: {node: '>= 0.6'}

  node-jsx@0.13.3:
    resolution: {integrity: sha512-dqV8ZMS3mivhkdOd7j1QWk8SCgAJ8ij7SlRjo1ek+YwINQhMBmDzFBF1Gq5rjoONMwVNZH3ilRWH7NEOO50YCA==}

  object-assign@2.1.1:
    resolution: {integrity: sha512-CdsOUYIh5wIiozhJ3rLQgmUTgcyzFwZZrqhkKhODMoGtPKM+wt0h0CNIoauJWMsS9822EdzPsF/6mb4nLvPN5g==}
    engines: {node: '>=0.10.0'}

  on-finished@2.4.1:
    resolution: {integrity: sha512-oVlzkg3ENAhCk2zdv7IJwd/QUD4z2RxRwpkcGY8psCVcCYZNq4wYnVWALHM+brtuJjePWiYF/ClmuDr8Ch5+kg==}
    engines: {node: '>= 0.8'}

  once@1.4.0:
    resolution: {integrity: sha512-lNaJgI+2Q5URQBkccEKHTQOPaXdUxnZZElQTZY0MFUAuaEqe1E+Nyvgdz/aIyNi6Z9MzO5dv1H8n58/GELp3+w==}

  only@0.0.2:
    resolution: {integrity: sha512-Fvw+Jemq5fjjyWz6CpKx6w9s7xxqo3+JCyM0WXWeCSOboZ8ABkyvP8ID4CZuChA/wxSx+XSJmdOm8rGVyJ1hdQ==}

  parseurl@1.3.3:
    resolution: {integrity: sha512-CiyeOxFT/JZyN5m0z9PfXw4SCBJ6Sygz1Dpl0wqjlhDEGGBP1GnsUVEL0p63hoG1fcj3fHynXi9NYO4nWOL+qQ==}
    engines: {node: '>= 0.8'}

  path-is-absolute@1.0.1:
    resolution: {integrity: sha512-AVbw3UJ2e9bq64vSaS9Am0fje1Pa8pbGqTTsmXfaIiMpnr5DlDhfJOuLj9Sf95ZPVDAUerDfEk88MPmPe7UCQg==}
    engines: {node: '>=0.10.0'}

  picocolors@1.1.1:
    resolution: {integrity: sha512-xceH2snhtb5M9liqDsmEw56le376mTZkEX/jEb/RxNFyegNul7eNslCXP9FDj/Lcu0X8KEyMceP2ntpaHrDEVA==}

  picomatch@4.0.2:
    resolution: {integrity: sha512-M7BAV6Rlcy5u+m6oPhAPFgJTzAioX/6B0DxyvDlo9l8+T3nLKbrczg2WLUyzd45L8RqfUMyGPzekbMvX2Ldkwg==}
    engines: {node: '>=12'}

  postcss@8.5.3:
    resolution: {integrity: sha512-dle9A3yYxlBSrt8Fu+IpjGT8SY8hN0mlaA6GY8t0P5PjIOZemULz/E2Bnm/2dcUOena75OTNkHI76uZBNUUq3A==}
    engines: {node: ^10 || ^12 || >=14}

  private@0.1.8:
    resolution: {integrity: sha512-VvivMrbvd2nKkiG38qjULzlc+4Vx4wm/whI9pQD35YrARNnhxeiRktSOhSukRLFNlzg6Br/cJPet5J/u19r/mg==}
    engines: {node: '>= 0.6'}

  promise@7.3.1:
    resolution: {integrity: sha512-nolQXZ/4L+bP/UGlkfaIujX9BKxGwmQ9OT4mOt5yvy8iK1h3wqTEJCijzGANTCCl9nWjY41juyAn2K3Q1hLLTg==}

  q@1.5.1:
    resolution: {integrity: sha512-kV/CThkXo6xyFEZUugw/+pIOywXcDbFYgSct5cT3gqlbkBE1SJdwy6UQoZvodiWF/ckQLZyDE/Bu1M6gVu5lVw==}
    engines: {node: '>=0.6.0', teleport: '>=0.2.0'}
    deprecated: |-
      You or someone you depend on is using Q, the JavaScript Promise library that gave JavaScript developers strong feelings about promises. They can almost certainly migrate to the native JavaScript promise now. Thank you literally everyone for joining me in this bet against the odds. Be excellent to each other.

      (For a CapTP with native promises, see @endo/eventual-send and @endo/captp)

  react-cli@0.3.1:
    resolution: {integrity: sha512-hIYbqYxsCNh7nNDo/2FxQ/g0YQG8LPX5PN0UBBmUajbcHqH+HGQ6fAjfPLUc/+3r2n2AjcRtHZae2syeCK1+Ww==}
    hasBin: true

  react-dom@0.14.10:
    resolution: {integrity: sha512-kDs8SWFb8Sry4NAplhpJbZEeAnTPir/m+s9s+lkdqA2a89BzmWGnEgGG/CfmhULjv1ogc4oHrjMfAvFNruT3jQ==}
    peerDependencies:
      react: ^0.14.10

  react@0.14.10:
    resolution: {integrity: sha512-yxMw5aorZG4qsLVBfjae4wGFvd5708DhcxaXLJ3IOTgr1TCs8k9+ZheGgLGr5OfwWMhSahNbGvvoEDzrxVWouA==}
    engines: {node: '>=0.10.0'}

  react@19.1.0:
    resolution: {integrity: sha512-FS+XFBNvn3GTAWq26joslQgWNoFu08F4kl0J4CgdNKADkdSGXQyTCnKteIAJy96Br6YbpEU1LSzV5dYtjMkMDg==}
    engines: {node: '>=0.10.0'}

  recast@0.11.23:
    resolution: {integrity: sha512-+nixG+3NugceyR8O1bLU45qs84JgI3+8EauyRZafLgC9XbdAOIVgwV1Pe2da0YzGo62KzWoZwUpVEQf6qNAXWA==}
    engines: {node: '>= 0.8'}

  resolve-path@1.4.0:
    resolution: {integrity: sha512-i1xevIst/Qa+nA9olDxLWnLk8YZbi8R/7JPbCMcgyWaFR6bKWaexgJgEB5oc2PKMjYdrHynyz0NY+if+H98t1w==}
    engines: {node: '>= 0.8'}

  rollup@4.41.0:
    resolution: {integrity: sha512-HqMFpUbWlf/tvcxBFNKnJyzc7Lk+XO3FGc3pbNBLqEbOz0gPLRgcrlS3UF4MfUrVlstOaP/q0kM6GVvi+LrLRg==}
    engines: {node: '>=18.0.0', npm: '>=8.0.0'}
    hasBin: true

  safe-buffer@5.2.1:
    resolution: {integrity: sha512-rp3So07KcdmmKbGvgaNxQSJr7bGVSVk5S9Eq1F+ppbRo70+YeaDxkw5Dd8NPN+GD6bjnYm2VuPuCXmpuYvmCXQ==}

  safe-regex-test@1.1.0:
    resolution: {integrity: sha512-x/+Cz4YrimQxQccJf5mKEbIa1NzeCRNI5Ecl/ekmlYaampdNLPalVyIcCZNNH3MvmqBugV5TMYZXv0ljslUlaw==}
    engines: {node: '>= 0.4'}

  safer-buffer@2.1.2:
    resolution: {integrity: sha512-YZo3K82SD7Riyi0E1EQPojLz7kpepnSQI9IyPbHHg1XXXevb5dJI7tpyN2ADxGcQbHG7vcyRHk0cbwqcQriUtg==}

  setprototypeof@1.1.0:
    resolution: {integrity: sha512-BvE/TwpZX4FXExxOxZyRGQQv651MSwmWKZGqvmPcRIjDqWub67kTKuIMx43cZZrS/cBBzwBcNDWoFxt2XEFIpQ==}

  setprototypeof@1.2.0:
    resolution: {integrity: sha512-E5LDX7Wrp85Kil5bhZv46j8jOeboKq5JMmYM3gVGdGH8xFpPWXUMsNrlODCrkoxMEeNi/XZIwuRvY4XNwYMJpw==}

  source-map-js@1.2.1:
    resolution: {integrity: sha512-UXWMKhLOwVKb728IUtQPXxfYU+usdybtUrK/8uGE8CQMvrhOpwvzDBwj0QhSL7MQc7vIsISBG8VQ8+IDQxpfQA==}
    engines: {node: '>=0.10.0'}

  source-map@0.4.4:
    resolution: {integrity: sha512-Y8nIfcb1s/7DcobUz1yOO1GSp7gyL+D9zLHDehT7iRESqGSxjJ448Sg7rvfgsRJCnKLdSl11uGf0s9X80cH0/A==}
    engines: {node: '>=0.8.0'}

  source-map@0.5.7:
    resolution: {integrity: sha512-LbrmJOMUSdEVxIKvdcJzQC+nQhe8FUZQTXQy6+I75skNgn3OoQ0DZA8YnFa7gp8tqtL3KPf1kmo0R5DoApeSGQ==}
    engines: {node: '>=0.10.0'}

  statuses@1.5.0:
    resolution: {integrity: sha512-OpZ3zP+jT1PI7I8nemJX4AKmAX070ZkYPVWV/AaKTJl+tXCTGyVdC1a4SL8RUQYEwk/f34ZX8UTykN68FwrqAA==}
    engines: {node: '>= 0.6'}

  through@2.3.8:
    resolution: {integrity: sha512-w89qg7PI8wAdvX60bMDP+bFoD5Dvhm9oLheFp5O4a2QF0cSBGsBX4qZmadPMvVqlLJBBci+WqGGOAPvcDeNSVg==}

  tinyglobby@0.2.13:
    resolution: {integrity: sha512-mEwzpUgrLySlveBwEVDMKk5B57bhLPYovRfPAXD5gA/98Opn0rCDj3GtLwFvCvH5RK9uPCExUROW5NjDwvqkxw==}
    engines: {node: '>=12.0.0'}

  toidentifier@1.0.1:
    resolution: {integrity: sha512-o5sSPKEkg/DIQNmH43V0/uerLrpzVedkUh8tGNvaeXpfpuwjKenlSox/2O/BTlZUtEe+JG7s5YhEz608PlAHRA==}
    engines: {node: '>=0.6'}

  tsscmp@1.0.6:
    resolution: {integrity: sha512-LxhtAkPDTkVCMQjt2h6eBVY28KCjikZqZfMcC15YBeNjkgUpdCfBu5HoiOTDu86v6smE8yOjyEktJ8hlbANHQA==}
    engines: {node: '>=0.6.x'}

  type-is@1.6.18:
    resolution: {integrity: sha512-TkRKr9sUTxEH8MdfuCSP7VizJyzRNMjj2J2do2Jr3Kym598JVdEksuzPQCnlFPW4ky9Q+iA+ma9BGm06XQBy8g==}
    engines: {node: '>= 0.6'}

  ua-parser-js@0.7.40:
    resolution: {integrity: sha512-us1E3K+3jJppDBa3Tl0L3MOJiGhe1C6P0+nIvQAFYbxlMAx0h81eOwLmU57xgqToduDDPx3y5QsdjPfDu+FgOQ==}
    hasBin: true

  vary@1.1.2:
    resolution: {integrity: sha512-BNGbWLfd0eUPabhkXUVm0j8uuvREyTh5ovRa/dyow/BqAbZJyC+5fU+IzQOzmAKzYqYRAISoRhdQr3eIZ/PXqg==}
    engines: {node: '>= 0.8'}

  vite-cli@1.0.0:
    resolution: {integrity: sha512-FyLhWrwICMqFnI1e6QNvNfwjalGaCeBl/49UdzKNd/YoQQult33l/Otku7ZYUpYQTNF1KdwGanchggCCVybfoQ==}
    hasBin: true

  vite@6.3.5:
    resolution: {integrity: sha512-cZn6NDFE7wdTpINgs++ZJ4N49W2vRp8LCKrn3Ob1kYNtOo21vfDoaV5GzBfLU4MovSAB8uNRm4jgzVQZ+mBzPQ==}
    engines: {node: ^18.0.0 || ^20.0.0 || >=22.0.0}
    hasBin: true
    peerDependencies:
      '@types/node': ^18.0.0 || ^20.0.0 || >=22.0.0
      jiti: '>=1.21.0'
      less: '*'
      lightningcss: ^1.21.0
      sass: '*'
      sass-embedded: '*'
      stylus: '*'
      sugarss: '*'
      terser: ^5.16.0
      tsx: ^4.8.1
      yaml: ^2.4.2
    peerDependenciesMeta:
      '@types/node':
        optional: true
      jiti:
        optional: true
      less:
        optional: true
      lightningcss:
        optional: true
      sass:
        optional: true
      sass-embedded:
        optional: true
      stylus:
        optional: true
      sugarss:
        optional: true
      terser:
        optional: true
      tsx:
        optional: true
      yaml:
        optional: true

  vue@3.5.14:
    resolution: {integrity: sha512-LbOm50/vZFG6Mhy6KscQYXZMQ0LMCC/y40HDJPPvGFQ+i/lUH+PJHR6C3assgOQiXdl6tAfsXHbXYVBZZu65ew==}
    peerDependencies:
      typescript: '*'
    peerDependenciesMeta:
      typescript:
        optional: true

  whatwg-fetch@0.9.0:
    resolution: {integrity: sha512-DIuh7/cloHxHYwS/oRXGgkALYAntijL63nsgMQsNSnBj825AysosAqA2ZbYXGRqpPRiNH7335dTqV364euRpZw==}

  wrappy@1.0.2:
    resolution: {integrity: sha512-l4Sp/DRseor9wL6EvV2+TuQn63dMkPjZ/sp9XkghTEbV9KlPS1xUsZ3u7/IQO4wxtcFB4bgpQPRcR3QCvezPcQ==}

  ylru@1.4.0:
    resolution: {integrity: sha512-2OQsPNEmBCvXuFlIni/a+Rn+R2pHW9INm0BxXJ4hVDA8TirqMj+J/Rp9ItLatT/5pZqWwefVrTQcHpixsxnVlA==}
    engines: {node: '>= 4.0.0'}

snapshots:

  '@babel/helper-string-parser@7.27.1': {}

  '@babel/helper-validator-identifier@7.27.1': {}

  '@babel/parser@7.27.2':
    dependencies:
      '@babel/types': 7.27.1

  '@babel/types@7.27.1':
    dependencies:
      '@babel/helper-string-parser': 7.27.1
      '@babel/helper-validator-identifier': 7.27.1

  '@esbuild/aix-ppc64@0.25.4':
    optional: true

  '@esbuild/android-arm64@0.25.4':
    optional: true

  '@esbuild/android-arm@0.25.4':
    optional: true

  '@esbuild/android-x64@0.25.4':
    optional: true

  '@esbuild/darwin-arm64@0.25.4':
    optional: true

  '@esbuild/darwin-x64@0.25.4':
    optional: true

  '@esbuild/freebsd-arm64@0.25.4':
    optional: true

  '@esbuild/freebsd-x64@0.25.4':
    optional: true

  '@esbuild/linux-arm64@0.25.4':
    optional: true

  '@esbuild/linux-arm@0.25.4':
    optional: true

  '@esbuild/linux-ia32@0.25.4':
    optional: true

  '@esbuild/linux-loong64@0.25.4':
    optional: true

  '@esbuild/linux-mips64el@0.25.4':
    optional: true

  '@esbuild/linux-ppc64@0.25.4':
    optional: true

  '@esbuild/linux-riscv64@0.25.4':
    optional: true

  '@esbuild/linux-s390x@0.25.4':
    optional: true

  '@esbuild/linux-x64@0.25.4':
    optional: true

  '@esbuild/netbsd-arm64@0.25.4':
    optional: true

  '@esbuild/netbsd-x64@0.25.4':
    optional: true

  '@esbuild/openbsd-arm64@0.25.4':
    optional: true

  '@esbuild/openbsd-x64@0.25.4':
    optional: true

  '@esbuild/sunos-x64@0.25.4':
    optional: true

  '@esbuild/win32-arm64@0.25.4':
    optional: true

  '@esbuild/win32-ia32@0.25.4':
    optional: true

  '@esbuild/win32-x64@0.25.4':
    optional: true

  '@jridgewell/sourcemap-codec@1.5.0': {}

  '@rollup/rollup-android-arm-eabi@4.41.0':
    optional: true

  '@rollup/rollup-android-arm64@4.41.0':
    optional: true

  '@rollup/rollup-darwin-arm64@4.41.0':
    optional: true

  '@rollup/rollup-darwin-x64@4.41.0':
    optional: true

  '@rollup/rollup-freebsd-arm64@4.41.0':
    optional: true

  '@rollup/rollup-freebsd-x64@4.41.0':
    optional: true

  '@rollup/rollup-linux-arm-gnueabihf@4.41.0':
    optional: true

  '@rollup/rollup-linux-arm-musleabihf@4.41.0':
    optional: true

  '@rollup/rollup-linux-arm64-gnu@4.41.0':
    optional: true

  '@rollup/rollup-linux-arm64-musl@4.41.0':
    optional: true

  '@rollup/rollup-linux-loongarch64-gnu@4.41.0':
    optional: true

  '@rollup/rollup-linux-powerpc64le-gnu@4.41.0':
    optional: true

  '@rollup/rollup-linux-riscv64-gnu@4.41.0':
    optional: true

  '@rollup/rollup-linux-riscv64-musl@4.41.0':
    optional: true

  '@rollup/rollup-linux-s390x-gnu@4.41.0':
    optional: true

  '@rollup/rollup-linux-x64-gnu@4.41.0':
    optional: true

  '@rollup/rollup-linux-x64-musl@4.41.0':
    optional: true

  '@rollup/rollup-win32-arm64-msvc@4.41.0':
    optional: true

  '@rollup/rollup-win32-ia32-msvc@4.41.0':
    optional: true

  '@rollup/rollup-win32-x64-msvc@4.41.0':
    optional: true

  '@types/estree@1.0.7': {}

  '@vue/compiler-core@3.5.14':
    dependencies:
      '@babel/parser': 7.27.2
      '@vue/shared': 3.5.14
      entities: 4.5.0
      estree-walker: 2.0.2
      source-map-js: 1.2.1

  '@vue/compiler-dom@3.5.14':
    dependencies:
      '@vue/compiler-core': 3.5.14
      '@vue/shared': 3.5.14

  '@vue/compiler-sfc@3.5.14':
    dependencies:
      '@babel/parser': 7.27.2
      '@vue/compiler-core': 3.5.14
      '@vue/compiler-dom': 3.5.14
      '@vue/compiler-ssr': 3.5.14
      '@vue/shared': 3.5.14
      estree-walker: 2.0.2
      magic-string: 0.30.17
      postcss: 8.5.3
      source-map-js: 1.2.1

  '@vue/compiler-ssr@3.5.14':
    dependencies:
      '@vue/compiler-dom': 3.5.14
      '@vue/shared': 3.5.14

  '@vue/reactivity@3.5.14':
    dependencies:
      '@vue/shared': 3.5.14

  '@vue/runtime-core@3.5.14':
    dependencies:
      '@vue/reactivity': 3.5.14
      '@vue/shared': 3.5.14

  '@vue/runtime-dom@3.5.14':
    dependencies:
      '@vue/reactivity': 3.5.14
      '@vue/runtime-core': 3.5.14
      '@vue/shared': 3.5.14
      csstype: 3.1.3

  '@vue/server-renderer@3.5.14(vue@3.5.14)':
    dependencies:
      '@vue/compiler-ssr': 3.5.14
      '@vue/shared': 3.5.14
      vue: 3.5.14

  '@vue/shared@3.5.14': {}

  accepts@1.3.8:
    dependencies:
      mime-types: 2.1.35
      negotiator: 0.6.3

  acorn@5.7.4: {}

  amdefine@1.0.1: {}

  asap@2.0.6: {}

  ast-types@0.9.6: {}

  balanced-match@1.0.2: {}

  base62@1.2.8: {}

  brace-expansion@1.1.11:
    dependencies:
      balanced-match: 1.0.2
      concat-map: 0.0.1

  cache-content-type@1.0.1:
    dependencies:
      mime-types: 2.1.35
      ylru: 1.4.0

  call-bind-apply-helpers@1.0.2:
    dependencies:
      es-errors: 1.3.0
      function-bind: 1.1.2

  call-bound@1.0.4:
    dependencies:
      call-bind-apply-helpers: 1.0.2
      get-intrinsic: 1.3.0

  co@4.6.0: {}

  commander@2.20.3: {}

  commoner@0.10.8:
    dependencies:
      commander: 2.20.3
      detective: 4.7.1
      glob: 5.0.15
      graceful-fs: 4.2.11
      iconv-lite: 0.4.24
      mkdirp: 0.5.6
      private: 0.1.8
      q: 1.5.1
      recast: 0.11.23

  concat-map@0.0.1: {}

  content-disposition@0.5.4:
    dependencies:
      safe-buffer: 5.2.1

  content-type@1.0.5: {}

  cookies@0.9.1:
    dependencies:
      depd: 2.0.0
      keygrip: 1.1.0

  core-js@1.2.7: {}

  csstype@3.1.3: {}

  debug@4.4.1:
    dependencies:
      ms: 2.1.3

  deep-equal@1.0.1: {}

  defined@1.0.1: {}

  delegates@1.0.0: {}

  depd@1.1.2: {}

  depd@2.0.0: {}

  destroy@1.2.0: {}

  detective@4.7.1:
    dependencies:
      acorn: 5.7.4
      defined: 1.0.1

  dunder-proto@1.0.1:
    dependencies:
      call-bind-apply-helpers: 1.0.2
      es-errors: 1.3.0
      gopd: 1.2.0

  ee-first@1.1.1: {}

  encodeurl@1.0.2: {}

  entities@4.5.0: {}

  envify@3.4.1:
    dependencies:
      jstransform: 11.0.3
      through: 2.3.8

  es-define-property@1.0.1: {}

  es-errors@1.3.0: {}

  es-object-atoms@1.1.1:
    dependencies:
      es-errors: 1.3.0

  esbuild@0.25.4:
    optionalDependencies:
      '@esbuild/aix-ppc64': 0.25.4
      '@esbuild/android-arm': 0.25.4
      '@esbuild/android-arm64': 0.25.4
      '@esbuild/android-x64': 0.25.4
      '@esbuild/darwin-arm64': 0.25.4
      '@esbuild/darwin-x64': 0.25.4
      '@esbuild/freebsd-arm64': 0.25.4
      '@esbuild/freebsd-x64': 0.25.4
      '@esbuild/linux-arm': 0.25.4
      '@esbuild/linux-arm64': 0.25.4
      '@esbuild/linux-ia32': 0.25.4
      '@esbuild/linux-loong64': 0.25.4
      '@esbuild/linux-mips64el': 0.25.4
      '@esbuild/linux-ppc64': 0.25.4
      '@esbuild/linux-riscv64': 0.25.4
      '@esbuild/linux-s390x': 0.25.4
      '@esbuild/linux-x64': 0.25.4
      '@esbuild/netbsd-arm64': 0.25.4
      '@esbuild/netbsd-x64': 0.25.4
      '@esbuild/openbsd-arm64': 0.25.4
      '@esbuild/openbsd-x64': 0.25.4
      '@esbuild/sunos-x64': 0.25.4
      '@esbuild/win32-arm64': 0.25.4
      '@esbuild/win32-ia32': 0.25.4
      '@esbuild/win32-x64': 0.25.4

  escape-html@1.0.3: {}

  esprima-fb@15001.1.0-dev-harmony-fb: {}

  esprima@3.1.3: {}

  estree-walker@2.0.2: {}

  fbjs@0.6.1:
    dependencies:
      core-js: 1.2.7
      loose-envify: 1.4.0
      promise: 7.3.1
      ua-parser-js: 0.7.40
      whatwg-fetch: 0.9.0

  fdir@6.4.4(picomatch@4.0.2):
    optionalDependencies:
      picomatch: 4.0.2

  fresh@0.5.2: {}

  fsevents@2.3.3:
    optional: true

  function-bind@1.1.2: {}

  get-intrinsic@1.3.0:
    dependencies:
      call-bind-apply-helpers: 1.0.2
      es-define-property: 1.0.1
      es-errors: 1.3.0
      es-object-atoms: 1.1.1
      function-bind: 1.1.2
      get-proto: 1.0.1
      gopd: 1.2.0
      has-symbols: 1.1.0
      hasown: 2.0.2
      math-intrinsics: 1.1.0

  get-proto@1.0.1:
    dependencies:
      dunder-proto: 1.0.1
      es-object-atoms: 1.1.1

  glob@5.0.15:
    dependencies:
      inflight: 1.0.6
      inherits: 2.0.4
      minimatch: 3.1.2
      once: 1.4.0
      path-is-absolute: 1.0.1

  gopd@1.2.0: {}

  graceful-fs@4.2.11: {}

  has-symbols@1.1.0: {}

  has-tostringtag@1.0.2:
    dependencies:
      has-symbols: 1.1.0

  hasown@2.0.2:
    dependencies:
      function-bind: 1.1.2

  http-assert@1.5.0:
    dependencies:
      deep-equal: 1.0.1
      http-errors: 1.8.1

  http-errors@1.6.3:
    dependencies:
      depd: 1.1.2
      inherits: 2.0.3
      setprototypeof: 1.1.0
      statuses: 1.5.0

  http-errors@1.8.1:
    dependencies:
      depd: 1.1.2
      inherits: 2.0.4
      setprototypeof: 1.2.0
      statuses: 1.5.0
      toidentifier: 1.0.1

  iconv-lite@0.4.24:
    dependencies:
      safer-buffer: 2.1.2

  inflight@1.0.6:
    dependencies:
      once: 1.4.0
      wrappy: 1.0.2

  inherits@2.0.3: {}

  inherits@2.0.4: {}

  is-generator-function@1.1.0:
    dependencies:
      call-bound: 1.0.4
      get-proto: 1.0.1
      has-tostringtag: 1.0.2
      safe-regex-test: 1.1.0

  is-regex@1.2.1:
    dependencies:
      call-bound: 1.0.4
      gopd: 1.2.0
      has-tostringtag: 1.0.2
      hasown: 2.0.2

  js-tokens@4.0.0: {}

  jstransform@11.0.3:
    dependencies:
      base62: 1.2.8
      commoner: 0.10.8
      esprima-fb: 15001.1.0-dev-harmony-fb
      object-assign: 2.1.1
      source-map: 0.4.4

  keygrip@1.1.0:
    dependencies:
      tsscmp: 1.0.6

  koa-compose@4.1.0: {}

  koa-convert@2.0.0:
    dependencies:
      co: 4.6.0
      koa-compose: 4.1.0

  koa-send@5.0.1:
    dependencies:
      debug: 4.4.1
      http-errors: 1.8.1
      resolve-path: 1.4.0
    transitivePeerDependencies:
      - supports-color

  koa@2.16.1:
    dependencies:
      accepts: 1.3.8
      cache-content-type: 1.0.1
      content-disposition: 0.5.4
      content-type: 1.0.5
      cookies: 0.9.1
      debug: 4.4.1
      delegates: 1.0.0
      depd: 2.0.0
      destroy: 1.2.0
      encodeurl: 1.0.2
      escape-html: 1.0.3
      fresh: 0.5.2
      http-assert: 1.5.0
      http-errors: 1.8.1
      is-generator-function: 1.1.0
      koa-compose: 4.1.0
      koa-convert: 2.0.0
      on-finished: 2.4.1
      only: 0.0.2
      parseurl: 1.3.3
      statuses: 1.5.0
      type-is: 1.6.18
      vary: 1.1.2
    transitivePeerDependencies:
      - supports-color

  loose-envify@1.4.0:
    dependencies:
      js-tokens: 4.0.0

  magic-string@0.30.17:
    dependencies:
      '@jridgewell/sourcemap-codec': 1.5.0

  math-intrinsics@1.1.0: {}

  media-typer@0.3.0: {}

  mime-db@1.52.0: {}

  mime-types@2.1.35:
    dependencies:
      mime-db: 1.52.0

  minimatch@3.1.2:
    dependencies:
      brace-expansion: 1.1.11

  minimist@1.2.8: {}

  mkdirp@0.5.6:
    dependencies:
      minimist: 1.2.8

  ms@2.1.3: {}

  nanoid@3.3.11: {}

  negotiator@0.6.3: {}

  node-jsx@0.13.3:
    dependencies:
      jstransform: 11.0.3

  object-assign@2.1.1: {}

  on-finished@2.4.1:
    dependencies:
      ee-first: 1.1.1

  once@1.4.0:
    dependencies:
      wrappy: 1.0.2

  only@0.0.2: {}

  parseurl@1.3.3: {}

  path-is-absolute@1.0.1: {}

  picocolors@1.1.1: {}

  picomatch@4.0.2: {}

  postcss@8.5.3:
    dependencies:
      nanoid: 3.3.11
      picocolors: 1.1.1
      source-map-js: 1.2.1

  private@0.1.8: {}

  promise@7.3.1:
    dependencies:
      asap: 2.0.6

  q@1.5.1: {}

  react-cli@0.3.1:
    dependencies:
      commander: 2.20.3
      node-jsx: 0.13.3
      react: 0.14.10
      react-dom: 0.14.10(react@0.14.10)

  react-dom@0.14.10(react@0.14.10):
    dependencies:
      react: 0.14.10

  react@0.14.10:
    dependencies:
      envify: 3.4.1
      fbjs: 0.6.1

  react@19.1.0: {}

  recast@0.11.23:
    dependencies:
      ast-types: 0.9.6
      esprima: 3.1.3
      private: 0.1.8
      source-map: 0.5.7

  resolve-path@1.4.0:
    dependencies:
      http-errors: 1.6.3
      path-is-absolute: 1.0.1

  rollup@4.41.0:
    dependencies:
      '@types/estree': 1.0.7
    optionalDependencies:
      '@rollup/rollup-android-arm-eabi': 4.41.0
      '@rollup/rollup-android-arm64': 4.41.0
      '@rollup/rollup-darwin-arm64': 4.41.0
      '@rollup/rollup-darwin-x64': 4.41.0
      '@rollup/rollup-freebsd-arm64': 4.41.0
      '@rollup/rollup-freebsd-x64': 4.41.0
      '@rollup/rollup-linux-arm-gnueabihf': 4.41.0
      '@rollup/rollup-linux-arm-musleabihf': 4.41.0
      '@rollup/rollup-linux-arm64-gnu': 4.41.0
      '@rollup/rollup-linux-arm64-musl': 4.41.0
      '@rollup/rollup-linux-loongarch64-gnu': 4.41.0
      '@rollup/rollup-linux-powerpc64le-gnu': 4.41.0
      '@rollup/rollup-linux-riscv64-gnu': 4.41.0
      '@rollup/rollup-linux-riscv64-musl': 4.41.0
      '@rollup/rollup-linux-s390x-gnu': 4.41.0
      '@rollup/rollup-linux-x64-gnu': 4.41.0
      '@rollup/rollup-linux-x64-musl': 4.41.0
      '@rollup/rollup-win32-arm64-msvc': 4.41.0
      '@rollup/rollup-win32-ia32-msvc': 4.41.0
      '@rollup/rollup-win32-x64-msvc': 4.41.0
      fsevents: 2.3.3

  safe-buffer@5.2.1: {}

  safe-regex-test@1.1.0:
    dependencies:
      call-bound: 1.0.4
      es-errors: 1.3.0
      is-regex: 1.2.1

  safer-buffer@2.1.2: {}

  setprototypeof@1.1.0: {}

  setprototypeof@1.2.0: {}

  source-map-js@1.2.1: {}

  source-map@0.4.4:
    dependencies:
      amdefine: 1.0.1

  source-map@0.5.7: {}

  statuses@1.5.0: {}

  through@2.3.8: {}

  tinyglobby@0.2.13:
    dependencies:
      fdir: 6.4.4(picomatch@4.0.2)
      picomatch: 4.0.2

  toidentifier@1.0.1: {}

  tsscmp@1.0.6: {}

  type-is@1.6.18:
    dependencies:
      media-typer: 0.3.0
      mime-types: 2.1.35

  ua-parser-js@0.7.40: {}

  vary@1.1.2: {}

  vite-cli@1.0.0:
    dependencies:
      '@vue/compiler-sfc': 3.5.14
      koa: 2.16.1
      koa-send: 5.0.1
      vue: 3.5.14
    transitivePeerDependencies:
      - supports-color
      - typescript

  vite@6.3.5:
    dependencies:
      esbuild: 0.25.4
      fdir: 6.4.4(picomatch@4.0.2)
      picomatch: 4.0.2
      postcss: 8.5.3
      rollup: 4.41.0
      tinyglobby: 0.2.13
    optionalDependencies:
      fsevents: 2.3.3

  vue@3.5.14:
    dependencies:
      '@vue/compiler-dom': 3.5.14
      '@vue/compiler-sfc': 3.5.14
      '@vue/runtime-dom': 3.5.14
      '@vue/server-renderer': 3.5.14(vue@3.5.14)
      '@vue/shared': 3.5.14

  whatwg-fetch@0.9.0: {}

  wrappy@1.0.2: {}

  ylru@1.4.0: {}
